
Microsoft Visual Studio Solution File, Format Version 12.00
# Visual Studio Version 17
VisualStudioVersion = 17.4.33213.308
MinimumVisualStudioVersion = 10.0.40219.1
Project("{FAE04EC0-301F-11D3-BF4B-00C04F79EFBC}") = "Type Conversion", "Type Conversion.csproj", "{40DDB2C1-64A1-40D3-AB19-494B2B5E08E3}"
EndProject
Global
	GlobalSection(SolutionConfigurationPlatforms) = preSolution
		Debug|Any CPU = Debug|Any CPU
		Release|Any CPU = Release|Any CPU
	EndGlobalSection
	GlobalSection(ProjectConfigurationPlatforms) = postSolution
		{40DDB2C1-64A1-40D3-AB19-494B2B5E08E3}.Debug|Any CPU.ActiveCfg = Debug|Any CPU
		{40DDB2C1-64A1-40D3-AB19-494B2B5E08E3}.Debug|Any CPU.Build.0 = Debug|Any CPU
		{40DDB2C1-64A1-40D3-AB19-494B2B5E08E3}.Release|Any CPU.ActiveCfg = Release|Any CPU
		{40DDB2C1-64A1-40D3-AB19-494B2B5E08E3}.Release|Any CPU.Build.0 = Release|Any CPU
	EndGlobalSection
	GlobalSection(SolutionProperties) = preSolution
		HideSolutionNode = FALSE
	EndGlobalSection
	GlobalSection(ExtensibilityGlobals) = postSolution
		SolutionGuid = {97F162F9-C12D-48CA-AE97-60D31A35D82E}
	EndGlobalSection
EndGlobal
