
Microsoft Visual Studio Solution File, Format Version 12.00
# Visual Studio Version 17
VisualStudioVersion = 17.4.33213.308
MinimumVisualStudioVersion = 10.0.40219.1
Project("{FAE04EC0-301F-11D3-BF4B-00C04F79EFBC}") = "User-defined exceptions", "User-defined exceptions.csproj", "{C8516633-E0EA-4909-8DED-5F500023FB1F}"
EndProject
Global
	GlobalSection(SolutionConfigurationPlatforms) = preSolution
		Debug|Any CPU = Debug|Any CPU
		Release|Any CPU = Release|Any CPU
	EndGlobalSection
	GlobalSection(ProjectConfigurationPlatforms) = postSolution
		{C8516633-E0EA-4909-8DED-5F500023FB1F}.Debug|Any CPU.ActiveCfg = Debug|Any CPU
		{C8516633-E0EA-4909-8DED-5F500023FB1F}.Debug|Any CPU.Build.0 = Debug|Any CPU
		{C8516633-E0EA-4909-8DED-5F500023FB1F}.Release|Any CPU.ActiveCfg = Release|Any CPU
		{C8516633-E0EA-4909-8DED-5F500023FB1F}.Release|Any CPU.Build.0 = Release|Any CPU
	EndGlobalSection
	GlobalSection(SolutionProperties) = preSolution
		HideSolutionNode = FALSE
	EndGlobalSection
	GlobalSection(ExtensibilityGlobals) = postSolution
		SolutionGuid = {576E6EDF-53C0-4A4D-A730-45EED69AC0B1}
	EndGlobalSection
EndGlobal
