
Microsoft Visual Studio Solution File, Format Version 12.00
# Visual Studio Version 17
VisualStudioVersion = 17.4.33213.308
MinimumVisualStudioVersion = 10.0.40219.1
Project("{FAE04EC0-301F-11D3-BF4B-00C04F79EFBC}") = "Exception handling", "Exception handling.csproj", "{A59CF6E9-348C-4229-A934-72624909FD1E}"
EndProject
Global
	GlobalSection(SolutionConfigurationPlatforms) = preSolution
		Debug|Any CPU = Debug|Any CPU
		Release|Any CPU = Release|Any CPU
	EndGlobalSection
	GlobalSection(ProjectConfigurationPlatforms) = postSolution
		{A59CF6E9-348C-4229-A934-72624909FD1E}.Debug|Any CPU.ActiveCfg = Debug|Any CPU
		{A59CF6E9-348C-4229-A934-72624909FD1E}.Debug|Any CPU.Build.0 = Debug|Any CPU
		{A59CF6E9-348C-4229-A934-72624909FD1E}.Release|Any CPU.ActiveCfg = Release|Any CPU
		{A59CF6E9-348C-4229-A934-72624909FD1E}.Release|Any CPU.Build.0 = Release|Any CPU
	EndGlobalSection
	GlobalSection(SolutionProperties) = preSolution
		HideSolutionNode = FALSE
	EndGlobalSection
	GlobalSection(ExtensibilityGlobals) = postSolution
		SolutionGuid = {6F49DDD8-C099-43FC-83ED-50F8EB6D8C8A}
	EndGlobalSection
EndGlobal
